<?xml version="1.0" encoding="utf-8"?>
<Project ToolsVersion="4.0" xmlns="http://schemas.microsoft.com/developer/msbuild/2003">
  <ItemGroup>
    <ClCompile Include="..\Classes\AppDelegate.cpp" />
    <ClCompile Include="..\Classes\BlackHole.cpp" />
    <ClCompile Include="..\Classes\Bullet.cpp" />
    <ClCompile Include="..\Classes\EnemyBullet.cpp" />
    <ClCompile Include="..\Classes\FriendlyBullet.cpp" />
    <ClCompile Include="..\Classes\GameObject.cpp" />
    <ClCompile Include="..\Classes\Gameplay.cpp" />
    <ClCompile Include="..\Classes\InputHandler.cpp" />
    <ClCompile Include="..\Classes\LargeAsteroid.cpp" />
    <ClCompile Include="..\Classes\MovingShip.cpp" />
    <ClCompile Include="..\Classes\myRand.cpp" />
    <ClCompile Include="..\Classes\Planet.cpp" />
    <ClCompile Include="..\Classes\Powerup.cpp" />
    <ClCompile Include="..\Classes\P_Grapple.cpp" />
    <ClCompile Include="..\Classes\P_LifeUp.cpp" />
    <ClCompile Include="..\Classes\P_ReverseControls.cpp" />
    <ClCompile Include="..\Classes\P_ShieldUp.cpp" />
    <ClCompile Include="..\Classes\P_SpinEnemies.cpp" />
    <ClCompile Include="..\Classes\P_SpinShip.cpp" />
    <ClCompile Include="..\Classes\Ship.cpp" />
    <ClCompile Include="..\Classes\ShootingShip.cpp" />
    <ClCompile Include="..\Classes\SmallAsteroid.cpp" />
    <ClCompile Include="..\Classes\Vect2.cpp" />
    <ClCompile Include="main.cpp" />
    <ClCompile Include="..\Classes\Mat2.cpp" />
  </ItemGroup>
  <ItemGroup>
    <ClInclude Include="..\Classes\AppDelegate.h" />
    <ClInclude Include="..\Classes\BlackHole.h" />
    <ClInclude Include="..\Classes\Bullet.h" />
    <ClInclude Include="..\Classes\EnemyBullet.h" />
    <ClInclude Include="..\Classes\FriendlyBullet.h" />
    <ClInclude Include="..\Classes\GameObject.h" />
    <ClInclude Include="..\Classes\Gameplay.h" />
    <ClInclude Include="..\Classes\InputHandler.h" />
    <ClInclude Include="..\Classes\LargeAsteroid.h" />
    <ClInclude Include="..\Classes\MovingShip.h" />
    <ClInclude Include="..\Classes\myRand.h" />
    <ClInclude Include="..\Classes\Planet.h" />
    <ClInclude Include="..\Classes\Powerup.h" />
    <ClInclude Include="..\Classes\P_Grapple.h" />
    <ClInclude Include="..\Classes\P_LifeUp.h" />
    <ClInclude Include="..\Classes\P_ReverseControls.h" />
    <ClInclude Include="..\Classes\P_ShieldUp.h" />
    <ClInclude Include="..\Classes\P_SpinEnemies.h" />
    <ClInclude Include="..\Classes\P_SpinShip.h" />
    <ClInclude Include="..\Classes\Ship.h" />
    <ClInclude Include="..\Classes\ShootingShip.h" />
    <ClInclude Include="..\Classes\SmallAsteroid.h" />
    <ClInclude Include="..\Classes\Vect2.h" />
    <ClInclude Include="main.h" />
    <ClInclude Include="..\Classes\Mat2.h" />
  </ItemGroup>
  <ItemGroup>
    <ResourceCompile Include="game.rc" />
  </ItemGroup>
</Project>